{
  "requires": true,
  "lockfileVersion": 1,
  "dependencies": {
    "javascript-priority-queue": {
      "version": "1.0.0",
      "resolved": "https://registry.npmjs.org/javascript-priority-queue/-/javascript-priority-queue-1.0.0.tgz",
      "integrity": "sha512-tqkAgEvWwpHkN7JXokJC9q1ixnGwert75CY+w9ifezifORbZ0GL52hRmbZwhfi1mSMFWs12khXdhf7OlNuaHOQ=="
    }
  }
}
